
Microsoft Visual Studio Solution File, Format Version 12.00
# Visual Studio 14
VisualStudioVersion = 14.0.25123.0
MinimumVisualStudioVersion = 10.0.40219.1
Project("{FAE04EC0-301F-11D3-BF4B-00C04F79EFBC}") = "自动处理数据-8", "自动处理数据-8\自动处理数据-8.csproj", "{EE31F1D9-A9B1-459C-AD92-7FEE37E4DA84}"
EndProject
Global
	GlobalSection(SolutionConfigurationPlatforms) = preSolution
		Debug|Any CPU = Debug|Any CPU
		Release|Any CPU = Release|Any CPU
	EndGlobalSection
	GlobalSection(ProjectConfigurationPlatforms) = postSolution
		{EE31F1D9-A9B1-459C-AD92-7FEE37E4DA84}.Debug|Any CPU.ActiveCfg = Debug|Any CPU
		{EE31F1D9-A9B1-459C-AD92-7FEE37E4DA84}.Debug|Any CPU.Build.0 = Debug|Any CPU
		{EE31F1D9-A9B1-459C-AD92-7FEE37E4DA84}.Release|Any CPU.ActiveCfg = Release|Any CPU
	EndGlobalSection
	GlobalSection(SolutionProperties) = preSolution
		HideSolutionNode = FALSE
	EndGlobalSection
EndGlobal
